// !$*UTF8*$!
{
	archiveVersion = 1;
	classes = {
	};
	objectVersion = 50;
	objects = {

/* Begin PBXBuildFile section */
		040465542117F7800090F469 /* Swift_OpenSSL_AES__Tests.swift in Sources */ = {isa = PBXBuildFile; fileRef = 040465532117F7800090F469 /* Swift_OpenSSL_AES__Tests.swift */; };
		0404655F2117F7800090F469 /* Swift_OpenSSL_AES__UITests.swift in Sources */ = {isa = PBXBuildFile; fileRef = 0404655E2117F7800090F469 /* Swift_OpenSSL_AES__UITests.swift */; };
		04464658211AB2710073A423 /* ViewController.swift in Sources */ = {isa = PBXBuildFile; fileRef = 044645FD211AB2710073A423 /* ViewController.swift */; };
		04464659211AB2710073A423 /* rsa_private_key.pem in Resources */ = {isa = PBXBuildFile; fileRef = 044645FF211AB2710073A423 /* rsa_private_key.pem */; };
		0446465A211AB2710073A423 /* rsa_public_key.pem in Resources */ = {isa = PBXBuildFile; fileRef = 04464600211AB2710073A423 /* rsa_public_key.pem */; };
		0446465B211AB2710073A423 /* Assets.xcassets in Resources */ = {isa = PBXBuildFile; fileRef = 04464601211AB2710073A423 /* Assets.xcassets */; };
		0446465C211AB2710073A423 /* LaunchScreen.storyboard in Resources */ = {isa = PBXBuildFile; fileRef = 04464602211AB2710073A423 /* LaunchScreen.storyboard */; };
		0446465D211AB2710073A423 /* Main.storyboard in Resources */ = {isa = PBXBuildFile; fileRef = 04464604211AB2710073A423 /* Main.storyboard */; };
		0446465E211AB2710073A423 /* AppDelegate.swift in Sources */ = {isa = PBXBuildFile; fileRef = 04464606211AB2710073A423 /* AppDelegate.swift */; };
		0446465F211AB2710073A423 /* libcrypto.a in Frameworks */ = {isa = PBXBuildFile; fileRef = 0446460C211AB2710073A423 /* libcrypto.a */; };
		04464660211AB2710073A423 /* openssl.swift in Sources */ = {isa = PBXBuildFile; fileRef = 04464610211AB2710073A423 /* openssl.swift */; };
		04464661211AB2710073A423 /* libssl.a in Frameworks */ = {isa = PBXBuildFile; fileRef = 0446463D211AB2710073A423 /* libssl.a */; };
		04464662211AB2710073A423 /* Info.plist in Resources */ = {isa = PBXBuildFile; fileRef = 04464657211AB2710073A423 /* Info.plist */; };
/* End PBXBuildFile section */

/* Begin PBXContainerItemProxy section */
		040465502117F7800090F469 /* PBXContainerItemProxy */ = {
			isa = PBXContainerItemProxy;
			containerPortal = 040465332117F77D0090F469 /* Project object */;
			proxyType = 1;
			remoteGlobalIDString = 0404653A2117F77D0090F469;
			remoteInfo = "Swift OpenSSL AES加密";
		};
		0404655B2117F7800090F469 /* PBXContainerItemProxy */ = {
			isa = PBXContainerItemProxy;
			containerPortal = 040465332117F77D0090F469 /* Project object */;
			proxyType = 1;
			remoteGlobalIDString = 0404653A2117F77D0090F469;
			remoteInfo = "Swift OpenSSL AES加密";
		};
/* End PBXContainerItemProxy section */

/* Begin PBXFileReference section */
		0404653B2117F77D0090F469 /* Swift OpenSSL AES加密.app */ = {isa = PBXFileReference; explicitFileType = wrapper.application; includeInIndex = 0; path = "Swift OpenSSL AES加密.app"; sourceTree = BUILT_PRODUCTS_DIR; };
		0404654F2117F7800090F469 /* Swift OpenSSL AES加密Tests.xctest */ = {isa = PBXFileReference; explicitFileType = wrapper.cfbundle; includeInIndex = 0; path = "Swift OpenSSL AES加密Tests.xctest"; sourceTree = BUILT_PRODUCTS_DIR; };
		040465532117F7800090F469 /* Swift_OpenSSL_AES__Tests.swift */ = {isa = PBXFileReference; lastKnownFileType = sourcecode.swift; path = Swift_OpenSSL_AES__Tests.swift; sourceTree = "<group>"; };
		040465552117F7800090F469 /* Info.plist */ = {isa = PBXFileReference; lastKnownFileType = text.plist.xml; path = Info.plist; sourceTree = "<group>"; };
		0404655A2117F7800090F469 /* Swift OpenSSL AES加密UITests.xctest */ = {isa = PBXFileReference; explicitFileType = wrapper.cfbundle; includeInIndex = 0; path = "Swift OpenSSL AES加密UITests.xctest"; sourceTree = BUILT_PRODUCTS_DIR; };
		0404655E2117F7800090F469 /* Swift_OpenSSL_AES__UITests.swift */ = {isa = PBXFileReference; lastKnownFileType = sourcecode.swift; path = Swift_OpenSSL_AES__UITests.swift; sourceTree = "<group>"; };
		040465602117F7800090F469 /* Info.plist */ = {isa = PBXFileReference; lastKnownFileType = text.plist.xml; path = Info.plist; sourceTree = "<group>"; };
		044645FD211AB2710073A423 /* ViewController.swift */ = {isa = PBXFileReference; fileEncoding = 4; lastKnownFileType = sourcecode.swift; path = ViewController.swift; sourceTree = "<group>"; };
		044645FF211AB2710073A423 /* rsa_private_key.pem */ = {isa = PBXFileReference; fileEncoding = 4; lastKnownFileType = text; path = rsa_private_key.pem; sourceTree = "<group>"; };
		04464600211AB2710073A423 /* rsa_public_key.pem */ = {isa = PBXFileReference; fileEncoding = 4; lastKnownFileType = text; path = rsa_public_key.pem; sourceTree = "<group>"; };
		04464601211AB2710073A423 /* Assets.xcassets */ = {isa = PBXFileReference; lastKnownFileType = folder.assetcatalog; path = Assets.xcassets; sourceTree = "<group>"; };
		04464603211AB2710073A423 /* Base */ = {isa = PBXFileReference; lastKnownFileType = file.storyboard; name = Base; path = Base.lproj/LaunchScreen.storyboard; sourceTree = "<group>"; };
		04464605211AB2710073A423 /* Base */ = {isa = PBXFileReference; lastKnownFileType = file.storyboard; name = Base; path = Base.lproj/Main.storyboard; sourceTree = "<group>"; };
		04464606211AB2710073A423 /* AppDelegate.swift */ = {isa = PBXFileReference; fileEncoding = 4; lastKnownFileType = sourcecode.swift; path = AppDelegate.swift; sourceTree = "<group>"; };
		04464608211AB2710073A423 /* pem2.h */ = {isa = PBXFileReference; fileEncoding = 4; lastKnownFileType = sourcecode.c.h; path = pem2.h; sourceTree = "<group>"; };
		04464609211AB2710073A423 /* pem.h */ = {isa = PBXFileReference; fileEncoding = 4; lastKnownFileType = sourcecode.c.h; path = pem.h; sourceTree = "<group>"; };
		0446460A211AB2710073A423 /* ssl3.h */ = {isa = PBXFileReference; fileEncoding = 4; lastKnownFileType = sourcecode.c.h; path = ssl3.h; sourceTree = "<group>"; };
		0446460B211AB2710073A423 /* ossl_typ.h */ = {isa = PBXFileReference; fileEncoding = 4; lastKnownFileType = sourcecode.c.h; path = ossl_typ.h; sourceTree = "<group>"; };
		0446460C211AB2710073A423 /* libcrypto.a */ = {isa = PBXFileReference; lastKnownFileType = archive.ar; path = libcrypto.a; sourceTree = "<group>"; };
		0446460D211AB2710073A423 /* dtls1.h */ = {isa = PBXFileReference; fileEncoding = 4; lastKnownFileType = sourcecode.c.h; path = dtls1.h; sourceTree = "<group>"; };
		0446460E211AB2710073A423 /* err.h */ = {isa = PBXFileReference; fileEncoding = 4; lastKnownFileType = sourcecode.c.h; path = err.h; sourceTree = "<group>"; };
		0446460F211AB2710073A423 /* bn.h */ = {isa = PBXFileReference; fileEncoding = 4; lastKnownFileType = sourcecode.c.h; path = bn.h; sourceTree = "<group>"; };
		04464610211AB2710073A423 /* openssl.swift */ = {isa = PBXFileReference; fileEncoding = 4; lastKnownFileType = sourcecode.swift; path = openssl.swift; sourceTree = "<group>"; };
		04464611211AB2710073A423 /* blowfish.h */ = {isa = PBXFileReference; fileEncoding = 4; lastKnownFileType = sourcecode.c.h; path = blowfish.h; sourceTree = "<group>"; };
		04464612211AB2710073A423 /* cms.h */ = {isa = PBXFileReference; fileEncoding = 4; lastKnownFileType = sourcecode.c.h; path = cms.h; sourceTree = "<group>"; };
		04464613211AB2710073A423 /* engine.h */ = {isa = PBXFileReference; fileEncoding = 4; lastKnownFileType = sourcecode.c.h; path = engine.h; sourceTree = "<group>"; };
		04464614211AB2710073A423 /* conf_api.h */ = {isa = PBXFileReference; fileEncoding = 4; lastKnownFileType = sourcecode.c.h; path = conf_api.h; sourceTree = "<group>"; };
		04464615211AB2710073A423 /* x509.h */ = {isa = PBXFileReference; fileEncoding = 4; lastKnownFileType = sourcecode.c.h; path = x509.h; sourceTree = "<group>"; };
		04464616211AB2710073A423 /* asn1_mac.h */ = {isa = PBXFileReference; fileEncoding = 4; lastKnownFileType = sourcecode.c.h; path = asn1_mac.h; sourceTree = "<group>"; };
		04464617211AB2710073A423 /* Swift OpenSSL AES加密-Bridging-Header.h */ = {isa = PBXFileReference; fileEncoding = 4; lastKnownFileType = sourcecode.c.h; path = "Swift OpenSSL AES加密-Bridging-Header.h"; sourceTree = "<group>"; };
		04464618211AB2710073A423 /* ui.h */ = {isa = PBXFileReference; fileEncoding = 4; lastKnownFileType = sourcecode.c.h; path = ui.h; sourceTree = "<group>"; };
		04464619211AB2710073A423 /* kssl.h */ = {isa = PBXFileReference; fileEncoding = 4; lastKnownFileType = sourcecode.c.h; path = kssl.h; sourceTree = "<group>"; };
		0446461A211AB2710073A423 /* sha.h */ = {isa = PBXFileReference; fileEncoding = 4; lastKnownFileType = sourcecode.c.h; path = sha.h; sourceTree = "<group>"; };
		0446461B211AB2710073A423 /* symhacks.h */ = {isa = PBXFileReference; fileEncoding = 4; lastKnownFileType = sourcecode.c.h; path = symhacks.h; sourceTree = "<group>"; };
		0446461C211AB2710073A423 /* asn1.h */ = {isa = PBXFileReference; fileEncoding = 4; lastKnownFileType = sourcecode.c.h; path = asn1.h; sourceTree = "<group>"; };
		0446461D211AB2710073A423 /* opensslconf.h */ = {isa = PBXFileReference; fileEncoding = 4; lastKnownFileType = sourcecode.c.h; path = opensslconf.h; sourceTree = "<group>"; };
		0446461E211AB2710073A423 /* bio.h */ = {isa = PBXFileReference; fileEncoding = 4; lastKnownFileType = sourcecode.c.h; path = bio.h; sourceTree = "<group>"; };
		0446461F211AB2710073A423 /* rc2.h */ = {isa = PBXFileReference; fileEncoding = 4; lastKnownFileType = sourcecode.c.h; path = rc2.h; sourceTree = "<group>"; };
		04464620211AB2710073A423 /* dh.h */ = {isa = PBXFileReference; fileEncoding = 4; lastKnownFileType = sourcecode.c.h; path = dh.h; sourceTree = "<group>"; };
		04464621211AB2710073A423 /* ui_compat.h */ = {isa = PBXFileReference; fileEncoding = 4; lastKnownFileType = sourcecode.c.h; path = ui_compat.h; sourceTree = "<group>"; };
		04464622211AB2710073A423 /* x509v3.h */ = {isa = PBXFileReference; fileEncoding = 4; lastKnownFileType = sourcecode.c.h; path = x509v3.h; sourceTree = "<group>"; };
		04464623211AB2710073A423 /* ssl23.h */ = {isa = PBXFileReference; fileEncoding = 4; lastKnownFileType = sourcecode.c.h; path = ssl23.h; sourceTree = "<group>"; };
		04464624211AB2710073A423 /* conf.h */ = {isa = PBXFileReference; fileEncoding = 4; lastKnownFileType = sourcecode.c.h; path = conf.h; sourceTree = "<group>"; };
		04464625211AB2710073A423 /* md5.h */ = {isa = PBXFileReference; fileEncoding = 4; lastKnownFileType = sourcecode.c.h; path = md5.h; sourceTree = "<group>"; };
		04464626211AB2710073A423 /* x509_vfy.h */ = {isa = PBXFileReference; fileEncoding = 4; lastKnownFileType = sourcecode.c.h; path = x509_vfy.h; sourceTree = "<group>"; };
		04464627211AB2710073A423 /* txt_db.h */ = {isa = PBXFileReference; fileEncoding = 4; lastKnownFileType = sourcecode.c.h; path = txt_db.h; sourceTree = "<group>"; };
		04464628211AB2710073A423 /* safestack.h */ = {isa = PBXFileReference; fileEncoding = 4; lastKnownFileType = sourcecode.c.h; path = safestack.h; sourceTree = "<group>"; };
		04464629211AB2710073A423 /* ecdsa.h */ = {isa = PBXFileReference; fileEncoding = 4; lastKnownFileType = sourcecode.c.h; path = ecdsa.h; sourceTree = "<group>"; };
		0446462A211AB2710073A423 /* objects.h */ = {isa = PBXFileReference; fileEncoding = 4; lastKnownFileType = sourcecode.c.h; path = objects.h; sourceTree = "<group>"; };
		0446462B211AB2710073A423 /* pkcs12.h */ = {isa = PBXFileReference; fileEncoding = 4; lastKnownFileType = sourcecode.c.h; path = pkcs12.h; sourceTree = "<group>"; };
		0446462C211AB2710073A423 /* crypto.h */ = {isa = PBXFileReference; fileEncoding = 4; lastKnownFileType = sourcecode.c.h; path = crypto.h; sourceTree = "<group>"; };
		0446462D211AB2710073A423 /* opensslv.h */ = {isa = PBXFileReference; fileEncoding = 4; lastKnownFileType = sourcecode.c.h; path = opensslv.h; sourceTree = "<group>"; };
		0446462E211AB2710073A423 /* pkcs7.h */ = {isa = PBXFileReference; fileEncoding = 4; lastKnownFileType = sourcecode.c.h; path = pkcs7.h; sourceTree = "<group>"; };
		0446462F211AB2710073A423 /* obj_mac.h */ = {isa = PBXFileReference; fileEncoding = 4; lastKnownFileType = sourcecode.c.h; path = obj_mac.h; sourceTree = "<group>"; };
		04464630211AB2710073A423 /* buffer.h */ = {isa = PBXFileReference; fileEncoding = 4; lastKnownFileType = sourcecode.c.h; path = buffer.h; sourceTree = "<group>"; };
		04464631211AB2710073A423 /* ssl.h */ = {isa = PBXFileReference; fileEncoding = 4; lastKnownFileType = sourcecode.c.h; path = ssl.h; sourceTree = "<group>"; };
		04464632211AB2710073A423 /* srp.h */ = {isa = PBXFileReference; fileEncoding = 4; lastKnownFileType = sourcecode.c.h; path = srp.h; sourceTree = "<group>"; };
		04464633211AB2710073A423 /* camellia.h */ = {isa = PBXFileReference; fileEncoding = 4; lastKnownFileType = sourcecode.c.h; path = camellia.h; sourceTree = "<group>"; };
		04464634211AB2710073A423 /* evp.h */ = {isa = PBXFileReference; fileEncoding = 4; lastKnownFileType = sourcecode.c.h; path = evp.h; sourceTree = "<group>"; };
		04464635211AB2710073A423 /* e_os2.h */ = {isa = PBXFileReference; fileEncoding = 4; lastKnownFileType = sourcecode.c.h; path = e_os2.h; sourceTree = "<group>"; };
		04464636211AB2710073A423 /* md4.h */ = {isa = PBXFileReference; fileEncoding = 4; lastKnownFileType = sourcecode.c.h; path = md4.h; sourceTree = "<group>"; };
		04464637211AB2710073A423 /* hmac.h */ = {isa = PBXFileReference; fileEncoding = 4; lastKnownFileType = sourcecode.c.h; path = hmac.h; sourceTree = "<group>"; };
		04464638211AB2710073A423 /* aes.h */ = {isa = PBXFileReference; fileEncoding = 4; lastKnownFileType = sourcecode.c.h; path = aes.h; sourceTree = "<group>"; };
		04464639211AB2710073A423 /* comp.h */ = {isa = PBXFileReference; fileEncoding = 4; lastKnownFileType = sourcecode.c.h; path = comp.h; sourceTree = "<group>"; };
		0446463A211AB2710073A423 /* cast.h */ = {isa = PBXFileReference; fileEncoding = 4; lastKnownFileType = sourcecode.c.h; path = cast.h; sourceTree = "<group>"; };
		0446463B211AB2710073A423 /* rc4.h */ = {isa = PBXFileReference; fileEncoding = 4; lastKnownFileType = sourcecode.c.h; path = rc4.h; sourceTree = "<group>"; };
		0446463C211AB2710073A423 /* stack.h */ = {isa = PBXFileReference; fileEncoding = 4; lastKnownFileType = sourcecode.c.h; path = stack.h; sourceTree = "<group>"; };
		0446463D211AB2710073A423 /* libssl.a */ = {isa = PBXFileReference; lastKnownFileType = archive.ar; path = libssl.a; sourceTree = "<group>"; };
		0446463E211AB2710073A423 /* des.h */ = {isa = PBXFileReference; fileEncoding = 4; lastKnownFileType = sourcecode.c.h; path = des.h; sourceTree = "<group>"; };
		0446463F211AB2710073A423 /* ocsp.h */ = {isa = PBXFileReference; fileEncoding = 4; lastKnownFileType = sourcecode.c.h; path = ocsp.h; sourceTree = "<group>"; };
		04464640211AB2710073A423 /* ec.h */ = {isa = PBXFileReference; fileEncoding = 4; lastKnownFileType = sourcecode.c.h; path = ec.h; sourceTree = "<group>"; };
		04464641211AB2710073A423 /* ecdh.h */ = {isa = PBXFileReference; fileEncoding = 4; lastKnownFileType = sourcecode.c.h; path = ecdh.h; sourceTree = "<group>"; };
		04464642211AB2710073A423 /* rand.h */ = {isa = PBXFileReference; fileEncoding = 4; lastKnownFileType = sourcecode.c.h; path = rand.h; sourceTree = "<group>"; };
		04464643211AB2710073A423 /* ts.h */ = {isa = PBXFileReference; fileEncoding = 4; lastKnownFileType = sourcecode.c.h; path = ts.h; sourceTree = "<group>"; };
		04464644211AB2710073A423 /* pqueue.h */ = {isa = PBXFileReference; fileEncoding = 4; lastKnownFileType = sourcecode.c.h; path = pqueue.h; sourceTree = "<group>"; };
		04464645211AB2710073A423 /* dso.h */ = {isa = PBXFileReference; fileEncoding = 4; lastKnownFileType = sourcecode.c.h; path = dso.h; sourceTree = "<group>"; };
		04464646211AB2710073A423 /* seed.h */ = {isa = PBXFileReference; fileEncoding = 4; lastKnownFileType = sourcecode.c.h; path = seed.h; sourceTree = "<group>"; };
		04464647211AB2710073A423 /* modes.h */ = {isa = PBXFileReference; fileEncoding = 4; lastKnownFileType = sourcecode.c.h; path = modes.h; sourceTree = "<group>"; };
		04464648211AB2710073A423 /* ssl2.h */ = {isa = PBXFileReference; fileEncoding = 4; lastKnownFileType = sourcecode.c.h; path = ssl2.h; sourceTree = "<group>"; };
		04464649211AB2710073A423 /* rsa.h */ = {isa = PBXFileReference; fileEncoding = 4; lastKnownFileType = sourcecode.c.h; path = rsa.h; sourceTree = "<group>"; };
		0446464A211AB2710073A423 /* krb5_asn.h */ = {isa = PBXFileReference; fileEncoding = 4; lastKnownFileType = sourcecode.c.h; path = krb5_asn.h; sourceTree = "<group>"; };
		0446464B211AB2710073A423 /* des_old.h */ = {isa = PBXFileReference; fileEncoding = 4; lastKnownFileType = sourcecode.c.h; path = des_old.h; sourceTree = "<group>"; };
		0446464C211AB2710073A423 /* ripemd.h */ = {isa = PBXFileReference; fileEncoding = 4; lastKnownFileType = sourcecode.c.h; path = ripemd.h; sourceTree = "<group>"; };
		0446464D211AB2710073A423 /* whrlpool.h */ = {isa = PBXFileReference; fileEncoding = 4; lastKnownFileType = sourcecode.c.h; path = whrlpool.h; sourceTree = "<group>"; };
		0446464E211AB2710073A423 /* tls1.h */ = {isa = PBXFileReference; fileEncoding = 4; lastKnownFileType = sourcecode.c.h; path = tls1.h; sourceTree = "<group>"; };
		0446464F211AB2710073A423 /* mdc2.h */ = {isa = PBXFileReference; fileEncoding = 4; lastKnownFileType = sourcecode.c.h; path = mdc2.h; sourceTree = "<group>"; };
		04464650211AB2710073A423 /* dsa.h */ = {isa = PBXFileReference; fileEncoding = 4; lastKnownFileType = sourcecode.c.h; path = dsa.h; sourceTree = "<group>"; };
		04464651211AB2710073A423 /* srtp.h */ = {isa = PBXFileReference; fileEncoding = 4; lastKnownFileType = sourcecode.c.h; path = srtp.h; sourceTree = "<group>"; };
		04464652211AB2710073A423 /* asn1t.h */ = {isa = PBXFileReference; fileEncoding = 4; lastKnownFileType = sourcecode.c.h; path = asn1t.h; sourceTree = "<group>"; };
		04464653211AB2710073A423 /* cmac.h */ = {isa = PBXFileReference; fileEncoding = 4; lastKnownFileType = sourcecode.c.h; path = cmac.h; sourceTree = "<group>"; };
		04464654211AB2710073A423 /* ebcdic.h */ = {isa = PBXFileReference; fileEncoding = 4; lastKnownFileType = sourcecode.c.h; path = ebcdic.h; sourceTree = "<group>"; };
		04464655211AB2710073A423 /* idea.h */ = {isa = PBXFileReference; fileEncoding = 4; lastKnownFileType = sourcecode.c.h; path = idea.h; sourceTree = "<group>"; };
		04464656211AB2710073A423 /* lhash.h */ = {isa = PBXFileReference; fileEncoding = 4; lastKnownFileType = sourcecode.c.h; path = lhash.h; sourceTree = "<group>"; };
		04464657211AB2710073A423 /* Info.plist */ = {isa = PBXFileReference; fileEncoding = 4; lastKnownFileType = text.plist.xml; path = Info.plist; sourceTree = "<group>"; };
/* End PBXFileReference section */

/* Begin PBXFrameworksBuildPhase section */
		040465382117F77D0090F469 /* Frameworks */ = {
			isa = PBXFrameworksBuildPhase;
			buildActionMask = 2147483647;
			files = (
				04464661211AB2710073A423 /* libssl.a in Frameworks */,
				0446465F211AB2710073A423 /* libcrypto.a in Frameworks */,
			);
			runOnlyForDeploymentPostprocessing = 0;
		};
		0404654C2117F7800090F469 /* Frameworks */ = {
			isa = PBXFrameworksBuildPhase;
			buildActionMask = 2147483647;
			files = (
			);
			runOnlyForDeploymentPostprocessing = 0;
		};
		040465572117F7800090F469 /* Frameworks */ = {
			isa = PBXFrameworksBuildPhase;
			buildActionMask = 2147483647;
			files = (
			);
			runOnlyForDeploymentPostprocessing = 0;
		};
/* End PBXFrameworksBuildPhase section */

/* Begin PBXGroup section */
		040465322117F77D0090F469 = {
			isa = PBXGroup;
			children = (
				044645FC211AB2710073A423 /* Classes */,
				040465522117F7800090F469 /* Swift OpenSSL AES加密Tests */,
				0404655D2117F7800090F469 /* Swift OpenSSL AES加密UITests */,
				0404653C2117F77D0090F469 /* Products */,
				040465C02117FD090090F469 /* Frameworks */,
			);
			sourceTree = "<group>";
		};
		0404653C2117F77D0090F469 /* Products */ = {
			isa = PBXGroup;
			children = (
				0404653B2117F77D0090F469 /* Swift OpenSSL AES加密.app */,
				0404654F2117F7800090F469 /* Swift OpenSSL AES加密Tests.xctest */,
				0404655A2117F7800090F469 /* Swift OpenSSL AES加密UITests.xctest */,
			);
			name = Products;
			sourceTree = "<group>";
		};
		040465522117F7800090F469 /* Swift OpenSSL AES加密Tests */ = {
			isa = PBXGroup;
			children = (
				040465532117F7800090F469 /* Swift_OpenSSL_AES__Tests.swift */,
				040465552117F7800090F469 /* Info.plist */,
			);
			path = "Swift OpenSSL AES加密Tests";
			sourceTree = "<group>";
		};
		0404655D2117F7800090F469 /* Swift OpenSSL AES加密UITests */ = {
			isa = PBXGroup;
			children = (
				0404655E2117F7800090F469 /* Swift_OpenSSL_AES__UITests.swift */,
				040465602117F7800090F469 /* Info.plist */,
			);
			path = "Swift OpenSSL AES加密UITests";
			sourceTree = "<group>";
		};
		040465C02117FD090090F469 /* Frameworks */ = {
			isa = PBXGroup;
			children = (
			);
			name = Frameworks;
			sourceTree = "<group>";
		};
		044645FC211AB2710073A423 /* Classes */ = {
			isa = PBXGroup;
			children = (
				044645FD211AB2710073A423 /* ViewController.swift */,
				044645FE211AB2710073A423 /* rsa */,
				04464601211AB2710073A423 /* Assets.xcassets */,
				04464602211AB2710073A423 /* LaunchScreen.storyboard */,
				04464604211AB2710073A423 /* Main.storyboard */,
				04464606211AB2710073A423 /* AppDelegate.swift */,
				04464607211AB2710073A423 /* openssl */,
				04464657211AB2710073A423 /* Info.plist */,
			);
			path = Classes;
			sourceTree = "<group>";
		};
		044645FE211AB2710073A423 /* rsa */ = {
			isa = PBXGroup;
			children = (
				044645FF211AB2710073A423 /* rsa_private_key.pem */,
				04464600211AB2710073A423 /* rsa_public_key.pem */,
			);
			path = rsa;
			sourceTree = "<group>";
		};
		04464607211AB2710073A423 /* openssl */ = {
			isa = PBXGroup;
			children = (
				04464608211AB2710073A423 /* pem2.h */,
				04464609211AB2710073A423 /* pem.h */,
				0446460A211AB2710073A423 /* ssl3.h */,
				0446460B211AB2710073A423 /* ossl_typ.h */,
				0446460C211AB2710073A423 /* libcrypto.a */,
				0446460D211AB2710073A423 /* dtls1.h */,
				0446460E211AB2710073A423 /* err.h */,
				0446460F211AB2710073A423 /* bn.h */,
				04464610211AB2710073A423 /* openssl.swift */,
				04464611211AB2710073A423 /* blowfish.h */,
				04464612211AB2710073A423 /* cms.h */,
				04464613211AB2710073A423 /* engine.h */,
				04464614211AB2710073A423 /* conf_api.h */,
				04464615211AB2710073A423 /* x509.h */,
				04464616211AB2710073A423 /* asn1_mac.h */,
				04464617211AB2710073A423 /* Swift OpenSSL AES加密-Bridging-Header.h */,
				04464618211AB2710073A423 /* ui.h */,
				04464619211AB2710073A423 /* kssl.h */,
				0446461A211AB2710073A423 /* sha.h */,
				0446461B211AB2710073A423 /* symhacks.h */,
				0446461C211AB2710073A423 /* asn1.h */,
				0446461D211AB2710073A423 /* opensslconf.h */,
				0446461E211AB2710073A423 /* bio.h */,
				0446461F211AB2710073A423 /* rc2.h */,
				04464620211AB2710073A423 /* dh.h */,
				04464621211AB2710073A423 /* ui_compat.h */,
				04464622211AB2710073A423 /* x509v3.h */,
				04464623211AB2710073A423 /* ssl23.h */,
				04464624211AB2710073A423 /* conf.h */,
				04464625211AB2710073A423 /* md5.h */,
				04464626211AB2710073A423 /* x509_vfy.h */,
				04464627211AB2710073A423 /* txt_db.h */,
				04464628211AB2710073A423 /* safestack.h */,
				04464629211AB2710073A423 /* ecdsa.h */,
				0446462A211AB2710073A423 /* objects.h */,
				0446462B211AB2710073A423 /* pkcs12.h */,
				0446462C211AB2710073A423 /* crypto.h */,
				0446462D211AB2710073A423 /* opensslv.h */,
				0446462E211AB2710073A423 /* pkcs7.h */,
				0446462F211AB2710073A423 /* obj_mac.h */,
				04464630211AB2710073A423 /* buffer.h */,
				04464631211AB2710073A423 /* ssl.h */,
				04464632211AB2710073A423 /* srp.h */,
				04464633211AB2710073A423 /* camellia.h */,
				04464634211AB2710073A423 /* evp.h */,
				04464635211AB2710073A423 /* e_os2.h */,
				04464636211AB2710073A423 /* md4.h */,
				04464637211AB2710073A423 /* hmac.h */,
				04464638211AB2710073A423 /* aes.h */,
				04464639211AB2710073A423 /* comp.h */,
				0446463A211AB2710073A423 /* cast.h */,
				0446463B211AB2710073A423 /* rc4.h */,
				0446463C211AB2710073A423 /* stack.h */,
				0446463D211AB2710073A423 /* libssl.a */,
				0446463E211AB2710073A423 /* des.h */,
				0446463F211AB2710073A423 /* ocsp.h */,
				04464640211AB2710073A423 /* ec.h */,
				04464641211AB2710073A423 /* ecdh.h */,
				04464642211AB2710073A423 /* rand.h */,
				04464643211AB2710073A423 /* ts.h */,
				04464644211AB2710073A423 /* pqueue.h */,
				04464645211AB2710073A423 /* dso.h */,
				04464646211AB2710073A423 /* seed.h */,
				04464647211AB2710073A423 /* modes.h */,
				04464648211AB2710073A423 /* ssl2.h */,
				04464649211AB2710073A423 /* rsa.h */,
				0446464A211AB2710073A423 /* krb5_asn.h */,
				0446464B211AB2710073A423 /* des_old.h */,
				0446464C211AB2710073A423 /* ripemd.h */,
				0446464D211AB2710073A423 /* whrlpool.h */,
				0446464E211AB2710073A423 /* tls1.h */,
				0446464F211AB2710073A423 /* mdc2.h */,
				04464650211AB2710073A423 /* dsa.h */,
				04464651211AB2710073A423 /* srtp.h */,
				04464652211AB2710073A423 /* asn1t.h */,
				04464653211AB2710073A423 /* cmac.h */,
				04464654211AB2710073A423 /* ebcdic.h */,
				04464655211AB2710073A423 /* idea.h */,
				04464656211AB2710073A423 /* lhash.h */,
			);
			path = openssl;
			sourceTree = "<group>";
		};
/* End PBXGroup section */

/* Begin PBXNativeTarget section */
		0404653A2117F77D0090F469 /* Swift OpenSSL AES加密 */ = {
			isa = PBXNativeTarget;
			buildConfigurationList = 040465632117F7800090F469 /* Build configuration list for PBXNativeTarget "Swift OpenSSL AES加密" */;
			buildPhases = (
				040465372117F77D0090F469 /* Sources */,
				040465382117F77D0090F469 /* Frameworks */,
				040465392117F77D0090F469 /* Resources */,
			);
			buildRules = (
			);
			dependencies = (
			);
			name = "Swift OpenSSL AES加密";
			productName = "Swift OpenSSL AES加密";
			productReference = 0404653B2117F77D0090F469 /* Swift OpenSSL AES加密.app */;
			productType = "com.apple.product-type.application";
		};
		0404654E2117F7800090F469 /* Swift OpenSSL AES加密Tests */ = {
			isa = PBXNativeTarget;
			buildConfigurationList = 040465662117F7800090F469 /* Build configuration list for PBXNativeTarget "Swift OpenSSL AES加密Tests" */;
			buildPhases = (
				0404654B2117F7800090F469 /* Sources */,
				0404654C2117F7800090F469 /* Frameworks */,
				0404654D2117F7800090F469 /* Resources */,
			);
			buildRules = (
			);
			dependencies = (
				040465512117F7800090F469 /* PBXTargetDependency */,
			);
			name = "Swift OpenSSL AES加密Tests";
			productName = "Swift OpenSSL AES加密Tests";
			productReference = 0404654F2117F7800090F469 /* Swift OpenSSL AES加密Tests.xctest */;
			productType = "com.apple.product-type.bundle.unit-test";
		};
		040465592117F7800090F469 /* Swift OpenSSL AES加密UITests */ = {
			isa = PBXNativeTarget;
			buildConfigurationList = 040465692117F7800090F469 /* Build configuration list for PBXNativeTarget "Swift OpenSSL AES加密UITests" */;
			buildPhases = (
				040465562117F7800090F469 /* Sources */,
				040465572117F7800090F469 /* Frameworks */,
				040465582117F7800090F469 /* Resources */,
			);
			buildRules = (
			);
			dependencies = (
				0404655C2117F7800090F469 /* PBXTargetDependency */,
			);
			name = "Swift OpenSSL AES加密UITests";
			productName = "Swift OpenSSL AES加密UITests";
			productReference = 0404655A2117F7800090F469 /* Swift OpenSSL AES加密UITests.xctest */;
			productType = "com.apple.product-type.bundle.ui-testing";
		};
/* End PBXNativeTarget section */

/* Begin PBXProject section */
		040465332117F77D0090F469 /* Project object */ = {
			isa = PBXProject;
			attributes = {
				LastSwiftUpdateCheck = 0940;
				LastUpgradeCheck = 0940;
				ORGANIZATIONNAME = XY;
				TargetAttributes = {
					0404653A2117F77D0090F469 = {
						CreatedOnToolsVersion = 9.4.1;
						LastSwiftMigration = 0940;
					};
					0404654E2117F7800090F469 = {
						CreatedOnToolsVersion = 9.4.1;
						TestTargetID = 0404653A2117F77D0090F469;
					};
					040465592117F7800090F469 = {
						CreatedOnToolsVersion = 9.4.1;
						TestTargetID = 0404653A2117F77D0090F469;
					};
				};
			};
			buildConfigurationList = 040465362117F77D0090F469 /* Build configuration list for PBXProject "Swift OpenSSL AES加密" */;
			compatibilityVersion = "Xcode 9.3";
			developmentRegion = en;
			hasScannedForEncodings = 0;
			knownRegions = (
				en,
				Base,
			);
			mainGroup = 040465322117F77D0090F469;
			productRefGroup = 0404653C2117F77D0090F469 /* Products */;
			projectDirPath = "";
			projectRoot = "";
			targets = (
				0404653A2117F77D0090F469 /* Swift OpenSSL AES加密 */,
				0404654E2117F7800090F469 /* Swift OpenSSL AES加密Tests */,
				040465592117F7800090F469 /* Swift OpenSSL AES加密UITests */,
			);
		};
/* End PBXProject section */

/* Begin PBXResourcesBuildPhase section */
		040465392117F77D0090F469 /* Resources */ = {
			isa = PBXResourcesBuildPhase;
			buildActionMask = 2147483647;
			files = (
				0446465A211AB2710073A423 /* rsa_public_key.pem in Resources */,
				0446465D211AB2710073A423 /* Main.storyboard in Resources */,
				04464662211AB2710073A423 /* Info.plist in Resources */,
				0446465C211AB2710073A423 /* LaunchScreen.storyboard in Resources */,
				0446465B211AB2710073A423 /* Assets.xcassets in Resources */,
				04464659211AB2710073A423 /* rsa_private_key.pem in Resources */,
			);
			runOnlyForDeploymentPostprocessing = 0;
		};
		0404654D2117F7800090F469 /* Resources */ = {
			isa = PBXResourcesBuildPhase;
			buildActionMask = 2147483647;
			files = (
			);
			runOnlyForDeploymentPostprocessing = 0;
		};
		040465582117F7800090F469 /* Resources */ = {
			isa = PBXResourcesBuildPhase;
			buildActionMask = 2147483647;
			files = (
			);
			runOnlyForDeploymentPostprocessing = 0;
		};
/* End PBXResourcesBuildPhase section */

/* Begin PBXSourcesBuildPhase section */
		040465372117F77D0090F469 /* Sources */ = {
			isa = PBXSourcesBuildPhase;
			buildActionMask = 2147483647;
			files = (
				0446465E211AB2710073A423 /* AppDelegate.swift in Sources */,
				04464658211AB2710073A423 /* ViewController.swift in Sources */,
				04464660211AB2710073A423 /* openssl.swift in Sources */,
			);
			runOnlyForDeploymentPostprocessing = 0;
		};
		0404654B2117F7800090F469 /* Sources */ = {
			isa = PBXSourcesBuildPhase;
			buildActionMask = 2147483647;
			files = (
				040465542117F7800090F469 /* Swift_OpenSSL_AES__Tests.swift in Sources */,
			);
			runOnlyForDeploymentPostprocessing = 0;
		};
		040465562117F7800090F469 /* Sources */ = {
			isa = PBXSourcesBuildPhase;
			buildActionMask = 2147483647;
			files = (
				0404655F2117F7800090F469 /* Swift_OpenSSL_AES__UITests.swift in Sources */,
			);
			runOnlyForDeploymentPostprocessing = 0;
		};
/* End PBXSourcesBuildPhase section */

/* Begin PBXTargetDependency section */
		040465512117F7800090F469 /* PBXTargetDependency */ = {
			isa = PBXTargetDependency;
			target = 0404653A2117F77D0090F469 /* Swift OpenSSL AES加密 */;
			targetProxy = 040465502117F7800090F469 /* PBXContainerItemProxy */;
		};
		0404655C2117F7800090F469 /* PBXTargetDependency */ = {
			isa = PBXTargetDependency;
			target = 0404653A2117F77D0090F469 /* Swift OpenSSL AES加密 */;
			targetProxy = 0404655B2117F7800090F469 /* PBXContainerItemProxy */;
		};
/* End PBXTargetDependency section */

/* Begin PBXVariantGroup section */
		04464602211AB2710073A423 /* LaunchScreen.storyboard */ = {
			isa = PBXVariantGroup;
			children = (
				04464603211AB2710073A423 /* Base */,
			);
			name = LaunchScreen.storyboard;
			sourceTree = "<group>";
		};
		04464604211AB2710073A423 /* Main.storyboard */ = {
			isa = PBXVariantGroup;
			children = (
				04464605211AB2710073A423 /* Base */,
			);
			name = Main.storyboard;
			sourceTree = "<group>";
		};
/* End PBXVariantGroup section */

/* Begin XCBuildConfiguration section */
		040465612117F7800090F469 /* Debug */ = {
			isa = XCBuildConfiguration;
			buildSettings = {
				ALWAYS_SEARCH_USER_PATHS = NO;
				CLANG_ANALYZER_NONNULL = YES;
				CLANG_ANALYZER_NUMBER_OBJECT_CONVERSION = YES_AGGRESSIVE;
				CLANG_CXX_LANGUAGE_STANDARD = "gnu++14";
				CLANG_CXX_LIBRARY = "libc++";
				CLANG_ENABLE_MODULES = YES;
				CLANG_ENABLE_OBJC_ARC = YES;
				CLANG_ENABLE_OBJC_WEAK = YES;
				CLANG_WARN_BLOCK_CAPTURE_AUTORELEASING = YES;
				CLANG_WARN_BOOL_CONVERSION = YES;
				CLANG_WARN_COMMA = YES;
				CLANG_WARN_CONSTANT_CONVERSION = YES;
				CLANG_WARN_DEPRECATED_OBJC_IMPLEMENTATIONS = YES;
				CLANG_WARN_DIRECT_OBJC_ISA_USAGE = YES_ERROR;
				CLANG_WARN_DOCUMENTATION_COMMENTS = YES;
				CLANG_WARN_EMPTY_BODY = YES;
				CLANG_WARN_ENUM_CONVERSION = YES;
				CLANG_WARN_INFINITE_RECURSION = YES;
				CLANG_WARN_INT_CONVERSION = YES;
				CLANG_WARN_NON_LITERAL_NULL_CONVERSION = YES;
				CLANG_WARN_OBJC_IMPLICIT_RETAIN_SELF = YES;
				CLANG_WARN_OBJC_LITERAL_CONVERSION = YES;
				CLANG_WARN_OBJC_ROOT_CLASS = YES_ERROR;
				CLANG_WARN_RANGE_LOOP_ANALYSIS = YES;
				CLANG_WARN_STRICT_PROTOTYPES = YES;
				CLANG_WARN_SUSPICIOUS_MOVE = YES;
				CLANG_WARN_UNGUARDED_AVAILABILITY = YES_AGGRESSIVE;
				CLANG_WARN_UNREACHABLE_CODE = YES;
				CLANG_WARN__DUPLICATE_METHOD_MATCH = YES;
				CODE_SIGN_IDENTITY = "iPhone Developer";
				COPY_PHASE_STRIP = NO;
				DEBUG_INFORMATION_FORMAT = dwarf;
				ENABLE_STRICT_OBJC_MSGSEND = YES;
				ENABLE_TESTABILITY = YES;
				GCC_C_LANGUAGE_STANDARD = gnu11;
				GCC_DYNAMIC_NO_PIC = NO;
				GCC_NO_COMMON_BLOCKS = YES;
				GCC_OPTIMIZATION_LEVEL = 0;
				GCC_PREPROCESSOR_DEFINITIONS = (
					"DEBUG=1",
					"$(inherited)",
				);
				GCC_WARN_64_TO_32_BIT_CONVERSION = YES;
				GCC_WARN_ABOUT_RETURN_TYPE = YES_ERROR;
				GCC_WARN_UNDECLARED_SELECTOR = YES;
				GCC_WARN_UNINITIALIZED_AUTOS = YES_AGGRESSIVE;
				GCC_WARN_UNUSED_FUNCTION = YES;
				GCC_WARN_UNUSED_VARIABLE = YES;
				IPHONEOS_DEPLOYMENT_TARGET = 11.4;
				MTL_ENABLE_DEBUG_INFO = YES;
				ONLY_ACTIVE_ARCH = YES;
				SDKROOT = iphoneos;
				SWIFT_ACTIVE_COMPILATION_CONDITIONS = DEBUG;
				SWIFT_OPTIMIZATION_LEVEL = "-Onone";
			};
			name = Debug;
		};
		040465622117F7800090F469 /* Release */ = {
			isa = XCBuildConfiguration;
			buildSettings = {
				ALWAYS_SEARCH_USER_PATHS = NO;
				CLANG_ANALYZER_NONNULL = YES;
				CLANG_ANALYZER_NUMBER_OBJECT_CONVERSION = YES_AGGRESSIVE;
				CLANG_CXX_LANGUAGE_STANDARD = "gnu++14";
				CLANG_CXX_LIBRARY = "libc++";
				CLANG_ENABLE_MODULES = YES;
				CLANG_ENABLE_OBJC_ARC = YES;
				CLANG_ENABLE_OBJC_WEAK = YES;
				CLANG_WARN_BLOCK_CAPTURE_AUTORELEASING = YES;
				CLANG_WARN_BOOL_CONVERSION = YES;
				CLANG_WARN_COMMA = YES;
				CLANG_WARN_CONSTANT_CONVERSION = YES;
				CLANG_WARN_DEPRECATED_OBJC_IMPLEMENTATIONS = YES;
				CLANG_WARN_DIRECT_OBJC_ISA_USAGE = YES_ERROR;
				CLANG_WARN_DOCUMENTATION_COMMENTS = YES;
				CLANG_WARN_EMPTY_BODY = YES;
				CLANG_WARN_ENUM_CONVERSION = YES;
				CLANG_WARN_INFINITE_RECURSION = YES;
				CLANG_WARN_INT_CONVERSION = YES;
				CLANG_WARN_NON_LITERAL_NULL_CONVERSION = YES;
				CLANG_WARN_OBJC_IMPLICIT_RETAIN_SELF = YES;
				CLANG_WARN_OBJC_LITERAL_CONVERSION = YES;
				CLANG_WARN_OBJC_ROOT_CLASS = YES_ERROR;
				CLANG_WARN_RANGE_LOOP_ANALYSIS = YES;
				CLANG_WARN_STRICT_PROTOTYPES = YES;
				CLANG_WARN_SUSPICIOUS_MOVE = YES;
				CLANG_WARN_UNGUARDED_AVAILABILITY = YES_AGGRESSIVE;
				CLANG_WARN_UNREACHABLE_CODE = YES;
				CLANG_WARN__DUPLICATE_METHOD_MATCH = YES;
				CODE_SIGN_IDENTITY = "iPhone Developer";
				COPY_PHASE_STRIP = NO;
				DEBUG_INFORMATION_FORMAT = "dwarf-with-dsym";
				ENABLE_NS_ASSERTIONS = NO;
				ENABLE_STRICT_OBJC_MSGSEND = YES;
				GCC_C_LANGUAGE_STANDARD = gnu11;
				GCC_NO_COMMON_BLOCKS = YES;
				GCC_WARN_64_TO_32_BIT_CONVERSION = YES;
				GCC_WARN_ABOUT_RETURN_TYPE = YES_ERROR;
				GCC_WARN_UNDECLARED_SELECTOR = YES;
				GCC_WARN_UNINITIALIZED_AUTOS = YES_AGGRESSIVE;
				GCC_WARN_UNUSED_FUNCTION = YES;
				GCC_WARN_UNUSED_VARIABLE = YES;
				IPHONEOS_DEPLOYMENT_TARGET = 11.4;
				MTL_ENABLE_DEBUG_INFO = NO;
				SDKROOT = iphoneos;
				SWIFT_COMPILATION_MODE = wholemodule;
				SWIFT_OPTIMIZATION_LEVEL = "-O";
				VALIDATE_PRODUCT = YES;
			};
			name = Release;
		};
		040465642117F7800090F469 /* Debug */ = {
			isa = XCBuildConfiguration;
			buildSettings = {
				ASSETCATALOG_COMPILER_APPICON_NAME = AppIcon;
				CLANG_ENABLE_MODULES = YES;
				CODE_SIGN_STYLE = Automatic;
				DEVELOPMENT_TEAM = GGTD26RF4A;
				INFOPLIST_FILE = Classes/Info.plist;
				IPHONEOS_DEPLOYMENT_TARGET = 10.2;
				LD_RUNPATH_SEARCH_PATHS = (
					"$(inherited)",
					"@executable_path/Frameworks",
				);
				LIBRARY_SEARCH_PATHS = (
					"$(inherited)",
					"$(SRCROOT)/$(PROJECT_NAME)/openssl",
					"$(PROJECT_DIR)/Classes/openssl",
				);
				PRODUCT_BUNDLE_IDENTIFIER = "wangming.-jibuqi.Swift-OpenSSL-AES--";
				PRODUCT_NAME = "$(TARGET_NAME)";
				SWIFT_OBJC_BRIDGING_HEADER = "Classes/openssl/Swift OpenSSL AES加密-Bridging-Header.h";
				SWIFT_OPTIMIZATION_LEVEL = "-Onone";
				SWIFT_VERSION = 4.0;
				TARGETED_DEVICE_FAMILY = "1,2";
			};
			name = Debug;
		};
		040465652117F7800090F469 /* Release */ = {
			isa = XCBuildConfiguration;
			buildSettings = {
				ASSETCATALOG_COMPILER_APPICON_NAME = AppIcon;
				CLANG_ENABLE_MODULES = YES;
				CODE_SIGN_STYLE = Automatic;
				DEVELOPMENT_TEAM = GGTD26RF4A;
				INFOPLIST_FILE = Classes/Info.plist;
				IPHONEOS_DEPLOYMENT_TARGET = 10.2;
				LD_RUNPATH_SEARCH_PATHS = (
					"$(inherited)",
					"@executable_path/Frameworks",
				);
				LIBRARY_SEARCH_PATHS = (
					"$(inherited)",
					"$(SRCROOT)/$(PROJECT_NAME)/openssl",
					"$(PROJECT_DIR)/Classes/openssl",
				);
				PRODUCT_BUNDLE_IDENTIFIER = "wangming.-jibuqi.Swift-OpenSSL-AES--";
				PRODUCT_NAME = "$(TARGET_NAME)";
				SWIFT_OBJC_BRIDGING_HEADER = "Classes/openssl/Swift OpenSSL AES加密-Bridging-Header.h";
				SWIFT_VERSION = 4.0;
				TARGETED_DEVICE_FAMILY = "1,2";
			};
			name = Release;
		};
		040465672117F7800090F469 /* Debug */ = {
			isa = XCBuildConfiguration;
			buildSettings = {
				ALWAYS_EMBED_SWIFT_STANDARD_LIBRARIES = YES;
				BUNDLE_LOADER = "$(TEST_HOST)";
				CODE_SIGN_STYLE = Automatic;
				DEVELOPMENT_TEAM = GGTD26RF4A;
				INFOPLIST_FILE = "Swift OpenSSL AES加密Tests/Info.plist";
				LD_RUNPATH_SEARCH_PATHS = (
					"$(inherited)",
					"@executable_path/Frameworks",
					"@loader_path/Frameworks",
				);
				PRODUCT_BUNDLE_IDENTIFIER = "wangming.-jibuqi.Swift-OpenSSL-AES--Tests";
				PRODUCT_NAME = "$(TARGET_NAME)";
				SWIFT_VERSION = 4.0;
				TARGETED_DEVICE_FAMILY = "1,2";
				TEST_HOST = "$(BUILT_PRODUCTS_DIR)/Swift OpenSSL AES加密.app/Swift OpenSSL AES加密";
			};
			name = Debug;
		};
		040465682117F7800090F469 /* Release */ = {
			isa = XCBuildConfiguration;
			buildSettings = {
				ALWAYS_EMBED_SWIFT_STANDARD_LIBRARIES = YES;
				BUNDLE_LOADER = "$(TEST_HOST)";
				CODE_SIGN_STYLE = Automatic;
				DEVELOPMENT_TEAM = GGTD26RF4A;
				INFOPLIST_FILE = "Swift OpenSSL AES加密Tests/Info.plist";
				LD_RUNPATH_SEARCH_PATHS = (
					"$(inherited)",
					"@executable_path/Frameworks",
					"@loader_path/Frameworks",
				);
				PRODUCT_BUNDLE_IDENTIFIER = "wangming.-jibuqi.Swift-OpenSSL-AES--Tests";
				PRODUCT_NAME = "$(TARGET_NAME)";
				SWIFT_VERSION = 4.0;
				TARGETED_DEVICE_FAMILY = "1,2";
				TEST_HOST = "$(BUILT_PRODUCTS_DIR)/Swift OpenSSL AES加密.app/Swift OpenSSL AES加密";
			};
			name = Release;
		};
		0404656A2117F7800090F469 /* Debug */ = {
			isa = XCBuildConfiguration;
			buildSettings = {
				ALWAYS_EMBED_SWIFT_STANDARD_LIBRARIES = YES;
				CODE_SIGN_STYLE = Automatic;
				DEVELOPMENT_TEAM = GGTD26RF4A;
				INFOPLIST_FILE = "Swift OpenSSL AES加密UITests/Info.plist";
				LD_RUNPATH_SEARCH_PATHS = (
					"$(inherited)",
					"@executable_path/Frameworks",
					"@loader_path/Frameworks",
				);
				PRODUCT_BUNDLE_IDENTIFIER = "wangming.-jibuqi.Swift-OpenSSL-AES--UITests";
				PRODUCT_NAME = "$(TARGET_NAME)";
				SWIFT_VERSION = 4.0;
				TARGETED_DEVICE_FAMILY = "1,2";
				TEST_TARGET_NAME = "Swift OpenSSL AES加密";
			};
			name = Debug;
		};
		0404656B2117F7800090F469 /* Release */ = {
			isa = XCBuildConfiguration;
			buildSettings = {
				ALWAYS_EMBED_SWIFT_STANDARD_LIBRARIES = YES;
				CODE_SIGN_STYLE = Automatic;
				DEVELOPMENT_TEAM = GGTD26RF4A;
				INFOPLIST_FILE = "Swift OpenSSL AES加密UITests/Info.plist";
				LD_RUNPATH_SEARCH_PATHS = (
					"$(inherited)",
					"@executable_path/Frameworks",
					"@loader_path/Frameworks",
				);
				PRODUCT_BUNDLE_IDENTIFIER = "wangming.-jibuqi.Swift-OpenSSL-AES--UITests";
				PRODUCT_NAME = "$(TARGET_NAME)";
				SWIFT_VERSION = 4.0;
				TARGETED_DEVICE_FAMILY = "1,2";
				TEST_TARGET_NAME = "Swift OpenSSL AES加密";
			};
			name = Release;
		};
/* End XCBuildConfiguration section */

/* Begin XCConfigurationList section */
		040465362117F77D0090F469 /* Build configuration list for PBXProject "Swift OpenSSL AES加密" */ = {
			isa = XCConfigurationList;
			buildConfigurations = (
				040465612117F7800090F469 /* Debug */,
				040465622117F7800090F469 /* Release */,
			);
			defaultConfigurationIsVisible = 0;
			defaultConfigurationName = Release;
		};
		040465632117F7800090F469 /* Build configuration list for PBXNativeTarget "Swift OpenSSL AES加密" */ = {
			isa = XCConfigurationList;
			buildConfigurations = (
				040465642117F7800090F469 /* Debug */,
				040465652117F7800090F469 /* Release */,
			);
			defaultConfigurationIsVisible = 0;
			defaultConfigurationName = Release;
		};
		040465662117F7800090F469 /* Build configuration list for PBXNativeTarget "Swift OpenSSL AES加密Tests" */ = {
			isa = XCConfigurationList;
			buildConfigurations = (
				040465672117F7800090F469 /* Debug */,
				040465682117F7800090F469 /* Release */,
			);
			defaultConfigurationIsVisible = 0;
			defaultConfigurationName = Release;
		};
		040465692117F7800090F469 /* Build configuration list for PBXNativeTarget "Swift OpenSSL AES加密UITests" */ = {
			isa = XCConfigurationList;
			buildConfigurations = (
				0404656A2117F7800090F469 /* Debug */,
				0404656B2117F7800090F469 /* Release */,
			);
			defaultConfigurationIsVisible = 0;
			defaultConfigurationName = Release;
		};
/* End XCConfigurationList section */
	};
	rootObject = 040465332117F77D0090F469 /* Project object */;
}
